{
  "version": 4,
  "terraform_version": "1.14.4",
  "serial": 4,
  "lineage": "4df9d930-ce1b-09c0-88fb-d6590f206e00",
  "outputs": {},
  "resources": [
    {
      "mode": "managed",
      "type": "aws_key_pair",
      "name": "devops_key",
      "provider": "provider[\"registry.terraform.io/hashicorp/aws\"]",
      "instances": [
        {
          "schema_version": 1,
          "attributes": {
            "arn": "arn:aws:ec2:ap-south-1:888491091926:key-pair/devops-key",
            "fingerprint": "9b:84:04:ec:76:f3:09:84:60:bf:e3:92:25:2b:13:11",
            "id": "devops-key",
            "key_name": "devops-key",
            "key_name_prefix": "",
            "key_pair_id": "key-01bbc0a2ca33ead2b",
            "key_type": "rsa",
            "public_key": "ssh-rsa AAAAB3NzaC1yc2EAAAADAQABAAABAQCoL1SLDoarBUyh/jXQ6NCq+h/pGBzYc3/v3Wjom4OjrNrWRB79sV1iGuJ5WYSS2j+7DD2dJCgiuy3uxY0bSDPV8bQd0ubu0YhPwniZ8ZTXxXV+hx5hJH0c4nmYnwlPbhT4dPRAXBqMX5nCJM3OgWoRHAI4H7x1DMptt4hptGIjMHjVU+bXgIr/dFaph/hggE09O69tKhKcgJj2KxlAIgerG9lhL3FtF22UtGJOh/odOB8KZzLgWEuw7aLEgYjWHzZVEa+cE7E1uiprfjzqffYz12NuLGMrMTJnW8GGt5sqQde3vgTPz+u4iYRe7J1HO3eCo2EkuPVnaaqlTwHSMjvr ubuntu@ip-172-31-30-95",
            "region": "ap-south-1",
            "tags": null,
            "tags_all": {}
          },
          "sensitive_attributes": [],
          "identity_schema_version": 0,
          "private": "eyJzY2hlbWFfdmVyc2lvbiI6IjEifQ=="
        }
      ]
    },
    {
      "mode": "managed",
      "type": "aws_security_group",
      "name": "web_sg",
      "provider": "provider[\"registry.terraform.io/hashicorp/aws\"]",
      "instances": [
        {
          "schema_version": 1,
          "attributes": {
            "arn": "arn:aws:ec2:ap-south-1:888491091926:security-group/sg-0c0117031a599948d",
            "description": "Allow SSH and HTTP",
            "egress": [
              {
                "cidr_blocks": [
                  "0.0.0.0/0"
                ],
                "description": "",
                "from_port": 0,
                "ipv6_cidr_blocks": [],
                "prefix_list_ids": [],
                "protocol": "-1",
                "security_groups": [],
                "self": false,
                "to_port": 0
              }
            ],
            "id": "sg-0c0117031a599948d",
            "ingress": [
              {
                "cidr_blocks": [
                  "0.0.0.0/0"
                ],
                "description": "HTTP",
                "from_port": 80,
                "ipv6_cidr_blocks": [],
                "prefix_list_ids": [],
                "protocol": "tcp",
                "security_groups": [],
                "self": false,
                "to_port": 80
              },
              {
                "cidr_blocks": [
                  "0.0.0.0/0"
                ],
                "description": "SSH",
                "from_port": 22,
                "ipv6_cidr_blocks": [],
                "prefix_list_ids": [],
                "protocol": "tcp",
                "security_groups": [],
                "self": false,
                "to_port": 22
              }
            ],
            "name": "static-web-sg",
            "name_prefix": "",
            "owner_id": "888491091926",
            "region": "ap-south-1",
            "revoke_rules_on_delete": false,
            "tags": null,
            "tags_all": {},
            "timeouts": null,
            "vpc_id": "vpc-0e58adaeebcd89448"
          },
          "sensitive_attributes": [],
          "identity_schema_version": 0,
          "identity": {
            "account_id": "888491091926",
            "id": "sg-0c0117031a599948d",
            "region": "ap-south-1"
          },
          "private": "eyJlMmJmYjczMC1lY2FhLTExZTYtOGY4OC0zNDM2M2JjN2M0YzAiOnsiY3JlYXRlIjo2MDAwMDAwMDAwMDAsImRlbGV0ZSI6OTAwMDAwMDAwMDAwfSwic2NoZW1hX3ZlcnNpb24iOiIxIn0="
        }
      ]
    }
  ],
  "check_results": null
}
